
Microsoft Visual Studio Solution File, Format Version 12.00
# Visual Studio Version 17
VisualStudioVersion = 17.9.34321.82
MinimumVisualStudioVersion = 10.0.40219.1
Project("{9A19103F-16F7-4668-BE54-9A1E7A4F7556}") = "MarvelApiClient", "MarvelApiClient\MarvelApiClient.csproj", "{631A67AE-A64F-49F8-BD0F-796D121DFA7C}"
EndProject
Project("{FAE04EC0-301F-11D3-BF4B-00C04F79EFBC}") = "MarvelApiClientSample", "MarvelApiClientSample\MarvelApiClientSample.csproj", "{32601BD0-EE5E-4A57-823B-C8F517B403A0}"
EndProject
Project("{FAE04EC0-301F-11D3-BF4B-00C04F79EFBC}") = "MarvelApiClient.DependencyInjection", "MarvelApiClient.DependencyInjection\MarvelApiClient.DependencyInjection.csproj", "{63183479-74FE-4F13-ACBE-DF049A799D91}"
EndProject
Global
	GlobalSection(SolutionConfigurationPlatforms) = preSolution
		Debug|Any CPU = Debug|Any CPU
		Release|Any CPU = Release|Any CPU
	EndGlobalSection
	GlobalSection(ProjectConfigurationPlatforms) = postSolution
		{631A67AE-A64F-49F8-BD0F-796D121DFA7C}.Debug|Any CPU.ActiveCfg = Debug|Any CPU
		{631A67AE-A64F-49F8-BD0F-796D121DFA7C}.Debug|Any CPU.Build.0 = Debug|Any CPU
		{631A67AE-A64F-49F8-BD0F-796D121DFA7C}.Release|Any CPU.ActiveCfg = Release|Any CPU
		{631A67AE-A64F-49F8-BD0F-796D121DFA7C}.Release|Any CPU.Build.0 = Release|Any CPU
		{32601BD0-EE5E-4A57-823B-C8F517B403A0}.Debug|Any CPU.ActiveCfg = Debug|Any CPU
		{32601BD0-EE5E-4A57-823B-C8F517B403A0}.Debug|Any CPU.Build.0 = Debug|Any CPU
		{32601BD0-EE5E-4A57-823B-C8F517B403A0}.Release|Any CPU.ActiveCfg = Release|Any CPU
		{32601BD0-EE5E-4A57-823B-C8F517B403A0}.Release|Any CPU.Build.0 = Release|Any CPU
		{63183479-74FE-4F13-ACBE-DF049A799D91}.Debug|Any CPU.ActiveCfg = Debug|Any CPU
		{63183479-74FE-4F13-ACBE-DF049A799D91}.Debug|Any CPU.Build.0 = Debug|Any CPU
		{63183479-74FE-4F13-ACBE-DF049A799D91}.Release|Any CPU.ActiveCfg = Release|Any CPU
		{63183479-74FE-4F13-ACBE-DF049A799D91}.Release|Any CPU.Build.0 = Release|Any CPU
	EndGlobalSection
	GlobalSection(SolutionProperties) = preSolution
		HideSolutionNode = FALSE
	EndGlobalSection
	GlobalSection(ExtensibilityGlobals) = postSolution
		SolutionGuid = {D4A3F34C-310D-4AF6-9F13-5A44C9FB3358}
	EndGlobalSection
EndGlobal
